
Microsoft Visual Studio Solution File, Format Version 12.00
# Visual Studio Version 16
VisualStudioVersion = 16.0.32126.315
MinimumVisualStudioVersion = 10.0.40219.1
Project("{FAE04EC0-301F-11D3-BF4B-00C04F79EFBC}") = "3finalTask8module", "3finalTask8module\3finalTask8module.csproj", "{5EDA776E-C4A6-40F7-B3AE-9EAFF3DA7975}"
EndProject
Global
	GlobalSection(SolutionConfigurationPlatforms) = preSolution
		Debug|Any CPU = Debug|Any CPU
		Release|Any CPU = Release|Any CPU
	EndGlobalSection
	GlobalSection(ProjectConfigurationPlatforms) = postSolution
		{5EDA776E-C4A6-40F7-B3AE-9EAFF3DA7975}.Debug|Any CPU.ActiveCfg = Debug|Any CPU
		{5EDA776E-C4A6-40F7-B3AE-9EAFF3DA7975}.Debug|Any CPU.Build.0 = Debug|Any CPU
		{5EDA776E-C4A6-40F7-B3AE-9EAFF3DA7975}.Release|Any CPU.ActiveCfg = Release|Any CPU
		{5EDA776E-C4A6-40F7-B3AE-9EAFF3DA7975}.Release|Any CPU.Build.0 = Release|Any CPU
	EndGlobalSection
	GlobalSection(SolutionProperties) = preSolution
		HideSolutionNode = FALSE
	EndGlobalSection
	GlobalSection(ExtensibilityGlobals) = postSolution
		SolutionGuid = {EF359A15-1E0B-4B94-AFCF-AB32A39212B8}
	EndGlobalSection
EndGlobal
